
Microsoft Visual Studio Solution File, Format Version 12.00
# Visual Studio Version 17
VisualStudioVersion = 17.0.31903.59
MinimumVisualStudioVersion = 10.0.40219.1
Project("{FAE04EC0-301F-11D3-BF4B-00C04F79EFBC}") = "PaymentService.Domain", "PaymentService.Domain\PaymentService.Domain.csproj", "{CAF7997D-1167-4185-9563-A704336A17EF}"
EndProject
Project("{FAE04EC0-301F-11D3-BF4B-00C04F79EFBC}") = "PaymentService.Infrastructure", "PaymentService.Infrastructure\PaymentService.Infrastructure.csproj", "{AD7F0535-2F27-45EF-8D04-150318FBCD5C}"
EndProject
Project("{FAE04EC0-301F-11D3-BF4B-00C04F79EFBC}") = "PaymentService.Application", "PaymentService.Application\PaymentService.Application.csproj", "{5137BCBD-CA4D-4494-B979-A203E57E3365}"
EndProject
Project("{FAE04EC0-301F-11D3-BF4B-00C04F79EFBC}") = "PaymentService.API", "PaymentService.API\PaymentService.API.csproj", "{9385AE76-4A8B-4FB8-81EC-C99E0AAC94CC}"
EndProject
Global
	GlobalSection(SolutionConfigurationPlatforms) = preSolution
		Debug|Any CPU = Debug|Any CPU
		Release|Any CPU = Release|Any CPU
	EndGlobalSection
	GlobalSection(SolutionProperties) = preSolution
		HideSolutionNode = FALSE
	EndGlobalSection
	GlobalSection(ProjectConfigurationPlatforms) = postSolution
		{CAF7997D-1167-4185-9563-A704336A17EF}.Debug|Any CPU.ActiveCfg = Debug|Any CPU
		{CAF7997D-1167-4185-9563-A704336A17EF}.Debug|Any CPU.Build.0 = Debug|Any CPU
		{CAF7997D-1167-4185-9563-A704336A17EF}.Release|Any CPU.ActiveCfg = Release|Any CPU
		{CAF7997D-1167-4185-9563-A704336A17EF}.Release|Any CPU.Build.0 = Release|Any CPU
		{AD7F0535-2F27-45EF-8D04-150318FBCD5C}.Debug|Any CPU.ActiveCfg = Debug|Any CPU
		{AD7F0535-2F27-45EF-8D04-150318FBCD5C}.Debug|Any CPU.Build.0 = Debug|Any CPU
		{AD7F0535-2F27-45EF-8D04-150318FBCD5C}.Release|Any CPU.ActiveCfg = Release|Any CPU
		{AD7F0535-2F27-45EF-8D04-150318FBCD5C}.Release|Any CPU.Build.0 = Release|Any CPU
		{5137BCBD-CA4D-4494-B979-A203E57E3365}.Debug|Any CPU.ActiveCfg = Debug|Any CPU
		{5137BCBD-CA4D-4494-B979-A203E57E3365}.Debug|Any CPU.Build.0 = Debug|Any CPU
		{5137BCBD-CA4D-4494-B979-A203E57E3365}.Release|Any CPU.ActiveCfg = Release|Any CPU
		{5137BCBD-CA4D-4494-B979-A203E57E3365}.Release|Any CPU.Build.0 = Release|Any CPU
		{9385AE76-4A8B-4FB8-81EC-C99E0AAC94CC}.Debug|Any CPU.ActiveCfg = Debug|Any CPU
		{9385AE76-4A8B-4FB8-81EC-C99E0AAC94CC}.Debug|Any CPU.Build.0 = Debug|Any CPU
		{9385AE76-4A8B-4FB8-81EC-C99E0AAC94CC}.Release|Any CPU.ActiveCfg = Release|Any CPU
		{9385AE76-4A8B-4FB8-81EC-C99E0AAC94CC}.Release|Any CPU.Build.0 = Release|Any CPU
	EndGlobalSection
EndGlobal
