
Microsoft Visual Studio Solution File, Format Version 12.00
# Visual Studio Version 17
VisualStudioVersion = 17.0.31903.59
MinimumVisualStudioVersion = 10.0.40219.1
Project("{FAE04EC0-301F-11D3-BF4B-00C04F79EFBC}") = "OrderService.Domain", "OrderService.Domain\OrderService.Domain.csproj", "{9B25D849-3F6D-4B6F-A0F9-88DC5EBC90C7}"
EndProject
Project("{FAE04EC0-301F-11D3-BF4B-00C04F79EFBC}") = "OrderService.Infrastructure", "OrderService.Infrastructure\OrderService.Infrastructure.csproj", "{2005AB12-538C-402E-94A5-BBEFC0F82385}"
EndProject
Project("{FAE04EC0-301F-11D3-BF4B-00C04F79EFBC}") = "OrderService.Application", "OrderService.Application\OrderService.Application.csproj", "{F9C11EB4-D25D-4AC0-938B-81754D54B8A0}"
EndProject
Project("{FAE04EC0-301F-11D3-BF4B-00C04F79EFBC}") = "OrderService.API", "OrderService.API\OrderService.API.csproj", "{D403B20A-F6C9-4D2F-BAB8-34BA67344DB7}"
EndProject
Project("{FAE04EC0-301F-11D3-BF4B-00C04F79EFBC}") = "Shared.Contracts", "..\Shared\Shared.Contracts\Shared.Contracts.csproj", "{6E7E5813-7E4A-461F-9E0B-0F0C1FD03BB3}"
EndProject
Global
	GlobalSection(SolutionConfigurationPlatforms) = preSolution
		Debug|Any CPU = Debug|Any CPU
		Release|Any CPU = Release|Any CPU
	EndGlobalSection
	GlobalSection(SolutionProperties) = preSolution
		HideSolutionNode = FALSE
	EndGlobalSection
	GlobalSection(ProjectConfigurationPlatforms) = postSolution
		{9B25D849-3F6D-4B6F-A0F9-88DC5EBC90C7}.Debug|Any CPU.ActiveCfg = Debug|Any CPU
		{9B25D849-3F6D-4B6F-A0F9-88DC5EBC90C7}.Debug|Any CPU.Build.0 = Debug|Any CPU
		{9B25D849-3F6D-4B6F-A0F9-88DC5EBC90C7}.Release|Any CPU.ActiveCfg = Release|Any CPU
		{9B25D849-3F6D-4B6F-A0F9-88DC5EBC90C7}.Release|Any CPU.Build.0 = Release|Any CPU
		{2005AB12-538C-402E-94A5-BBEFC0F82385}.Debug|Any CPU.ActiveCfg = Debug|Any CPU
		{2005AB12-538C-402E-94A5-BBEFC0F82385}.Debug|Any CPU.Build.0 = Debug|Any CPU
		{2005AB12-538C-402E-94A5-BBEFC0F82385}.Release|Any CPU.ActiveCfg = Release|Any CPU
		{2005AB12-538C-402E-94A5-BBEFC0F82385}.Release|Any CPU.Build.0 = Release|Any CPU
		{F9C11EB4-D25D-4AC0-938B-81754D54B8A0}.Debug|Any CPU.ActiveCfg = Debug|Any CPU
		{F9C11EB4-D25D-4AC0-938B-81754D54B8A0}.Debug|Any CPU.Build.0 = Debug|Any CPU
		{F9C11EB4-D25D-4AC0-938B-81754D54B8A0}.Release|Any CPU.ActiveCfg = Release|Any CPU
		{F9C11EB4-D25D-4AC0-938B-81754D54B8A0}.Release|Any CPU.Build.0 = Release|Any CPU
		{D403B20A-F6C9-4D2F-BAB8-34BA67344DB7}.Debug|Any CPU.ActiveCfg = Debug|Any CPU
		{D403B20A-F6C9-4D2F-BAB8-34BA67344DB7}.Debug|Any CPU.Build.0 = Debug|Any CPU
		{D403B20A-F6C9-4D2F-BAB8-34BA67344DB7}.Release|Any CPU.ActiveCfg = Release|Any CPU
		{D403B20A-F6C9-4D2F-BAB8-34BA67344DB7}.Release|Any CPU.Build.0 = Release|Any CPU
		{6E7E5813-7E4A-461F-9E0B-0F0C1FD03BB3}.Debug|Any CPU.ActiveCfg = Debug|Any CPU
		{6E7E5813-7E4A-461F-9E0B-0F0C1FD03BB3}.Debug|Any CPU.Build.0 = Debug|Any CPU
		{6E7E5813-7E4A-461F-9E0B-0F0C1FD03BB3}.Release|Any CPU.ActiveCfg = Release|Any CPU
		{6E7E5813-7E4A-461F-9E0B-0F0C1FD03BB3}.Release|Any CPU.Build.0 = Release|Any CPU
	EndGlobalSection
EndGlobal
